
Microsoft Visual Studio Solution File, Format Version 12.00
# Visual Studio Version 17
VisualStudioVersion = 17.7.34202.233
MinimumVisualStudioVersion = 10.0.40219.1
Project("{FAE04EC0-301F-11D3-BF4B-00C04F79EFBC}") = "Assignment_1_API", "Assignment_1_API\Assignment_1_API.csproj", "{B03759E9-D542-4C15-AA11-9E292E779D9B}"
EndProject
Global
	GlobalSection(SolutionConfigurationPlatforms) = preSolution
		Debug|Any CPU = Debug|Any CPU
		Release|Any CPU = Release|Any CPU
	EndGlobalSection
	GlobalSection(ProjectConfigurationPlatforms) = postSolution
		{B03759E9-D542-4C15-AA11-9E292E779D9B}.Debug|Any CPU.ActiveCfg = Debug|Any CPU
		{B03759E9-D542-4C15-AA11-9E292E779D9B}.Debug|Any CPU.Build.0 = Debug|Any CPU
		{B03759E9-D542-4C15-AA11-9E292E779D9B}.Release|Any CPU.ActiveCfg = Release|Any CPU
		{B03759E9-D542-4C15-AA11-9E292E779D9B}.Release|Any CPU.Build.0 = Release|Any CPU
	EndGlobalSection
	GlobalSection(SolutionProperties) = preSolution
		HideSolutionNode = FALSE
	EndGlobalSection
	GlobalSection(ExtensibilityGlobals) = postSolution
		SolutionGuid = {993ABB94-ECD5-4105-A189-E919D71735C9}
	EndGlobalSection
EndGlobal
